
Microsoft Visual Studio Solution File, Format Version 12.00
# Visual Studio 14
VisualStudioVersion = 14.0.25420.1
MinimumVisualStudioVersion = 10.0.40219.1
Project("{FAE04EC0-301F-11D3-BF4B-00C04F79EFBC}") = "GroupDocs_Annotation_SharePoint_WebPart", "GroupDocs_Annotation_SharePoint_WebPart\GroupDocs_Annotation_SharePoint_WebPart.csproj", "{CD119606-F9A6-427D-BDC6-0127AECF682D}"
	ProjectSection(ProjectDependencies) = postProject
		{352BBB7A-98AF-4B05-B8D7-74334EDCE61C} = {352BBB7A-98AF-4B05-B8D7-74334EDCE61C}
	EndProjectSection
EndProject
Project("{FAE04EC0-301F-11D3-BF4B-00C04F79EFBC}") = "Groupdocs.Data.Json", "GroupDocs.Data.Json\Groupdocs.Data.Json.csproj", "{352BBB7A-98AF-4B05-B8D7-74334EDCE61C}"
EndProject
Global
	GlobalSection(SolutionConfigurationPlatforms) = preSolution
		Debug|Any CPU = Debug|Any CPU
		Release|Any CPU = Release|Any CPU
	EndGlobalSection
	GlobalSection(ProjectConfigurationPlatforms) = postSolution
		{CD119606-F9A6-427D-BDC6-0127AECF682D}.Debug|Any CPU.ActiveCfg = Debug|Any CPU
		{CD119606-F9A6-427D-BDC6-0127AECF682D}.Debug|Any CPU.Build.0 = Debug|Any CPU
		{CD119606-F9A6-427D-BDC6-0127AECF682D}.Debug|Any CPU.Deploy.0 = Debug|Any CPU
		{CD119606-F9A6-427D-BDC6-0127AECF682D}.Release|Any CPU.ActiveCfg = Release|Any CPU
		{CD119606-F9A6-427D-BDC6-0127AECF682D}.Release|Any CPU.Build.0 = Release|Any CPU
		{CD119606-F9A6-427D-BDC6-0127AECF682D}.Release|Any CPU.Deploy.0 = Release|Any CPU
		{352BBB7A-98AF-4B05-B8D7-74334EDCE61C}.Debug|Any CPU.ActiveCfg = Debug|Any CPU
		{352BBB7A-98AF-4B05-B8D7-74334EDCE61C}.Debug|Any CPU.Build.0 = Debug|Any CPU
		{352BBB7A-98AF-4B05-B8D7-74334EDCE61C}.Release|Any CPU.ActiveCfg = Release|Any CPU
		{352BBB7A-98AF-4B05-B8D7-74334EDCE61C}.Release|Any CPU.Build.0 = Release|Any CPU
	EndGlobalSection
	GlobalSection(SolutionProperties) = preSolution
		HideSolutionNode = FALSE
	EndGlobalSection
EndGlobal
