
Microsoft Visual Studio Solution File, Format Version 12.00
# Visual Studio 2012
Project("{FAE04EC0-301F-11D3-BF4B-00C04F79EFBC}") = "GroupDocs.Demo.Annotation.Webforms", "GroupDocs.Demo.Annotation.Webforms\GroupDocs.Demo.Annotation.Webforms.csproj", "{F0FEADE8-F3D9-4A17-839F-A8588B09F238}"
EndProject
Project("{FAE04EC0-301F-11D3-BF4B-00C04F79EFBC}") = "Groupdocs.Data.Json", "GroupDocs.Data.Json\Groupdocs.Data.Json.csproj", "{352BBB7A-98AF-4B05-B8D7-74334EDCE61C}"
EndProject
Project("{2150E333-8FDC-42A3-9474-1A3956D46DE8}") = ".nuget", ".nuget", "{97CF72CF-1D38-4BDD-8385-2E0DAC70C312}"
	ProjectSection(SolutionItems) = preProject
		.nuget\NuGet.Config = .nuget\NuGet.Config
		.nuget\NuGet.exe = .nuget\NuGet.exe
		.nuget\NuGet.targets = .nuget\NuGet.targets
	EndProjectSection
EndProject
Global
	GlobalSection(SolutionConfigurationPlatforms) = preSolution
		Debug|Any CPU = Debug|Any CPU
		Release|Any CPU = Release|Any CPU
	EndGlobalSection
	GlobalSection(ProjectConfigurationPlatforms) = postSolution
		{F0FEADE8-F3D9-4A17-839F-A8588B09F238}.Debug|Any CPU.ActiveCfg = Debug|Any CPU
		{F0FEADE8-F3D9-4A17-839F-A8588B09F238}.Debug|Any CPU.Build.0 = Debug|Any CPU
		{F0FEADE8-F3D9-4A17-839F-A8588B09F238}.Release|Any CPU.ActiveCfg = Release|Any CPU
		{F0FEADE8-F3D9-4A17-839F-A8588B09F238}.Release|Any CPU.Build.0 = Release|Any CPU
		{352BBB7A-98AF-4B05-B8D7-74334EDCE61C}.Debug|Any CPU.ActiveCfg = Debug|Any CPU
		{352BBB7A-98AF-4B05-B8D7-74334EDCE61C}.Debug|Any CPU.Build.0 = Debug|Any CPU
		{352BBB7A-98AF-4B05-B8D7-74334EDCE61C}.Release|Any CPU.ActiveCfg = Release|Any CPU
		{352BBB7A-98AF-4B05-B8D7-74334EDCE61C}.Release|Any CPU.Build.0 = Release|Any CPU
	EndGlobalSection
	GlobalSection(SolutionProperties) = preSolution
		HideSolutionNode = FALSE
	EndGlobalSection
EndGlobal
